
Microsoft Visual Studio Solution File, Format Version 12.00
# Visual Studio Version 16
VisualStudioVersion = 16.0.31205.134
MinimumVisualStudioVersion = 10.0.40219.1
Project("{9A19103F-16F7-4668-BE54-9A1E7A4F7556}") = "TsukiTag", "TsukiTag.csproj", "{266F01F4-8937-42AB-85B3-22F13CBD38B9}"
EndProject
Global
	GlobalSection(SolutionConfigurationPlatforms) = preSolution
		Debug|Any CPU = Debug|Any CPU
		Release|Any CPU = Release|Any CPU
	EndGlobalSection
	GlobalSection(ProjectConfigurationPlatforms) = postSolution
		{266F01F4-8937-42AB-85B3-22F13CBD38B9}.Debug|Any CPU.ActiveCfg = Debug|Any CPU
		{266F01F4-8937-42AB-85B3-22F13CBD38B9}.Debug|Any CPU.Build.0 = Debug|Any CPU
		{266F01F4-8937-42AB-85B3-22F13CBD38B9}.Release|Any CPU.ActiveCfg = Release|Any CPU
		{266F01F4-8937-42AB-85B3-22F13CBD38B9}.Release|Any CPU.Build.0 = Release|Any CPU
	EndGlobalSection
	GlobalSection(SolutionProperties) = preSolution
		HideSolutionNode = FALSE
	EndGlobalSection
	GlobalSection(ExtensibilityGlobals) = postSolution
		SolutionGuid = {D0AD8473-BB08-486F-A15F-D57E50A97694}
	EndGlobalSection
EndGlobal
